// !$*UTF8*$!
{
	archiveVersion = 1;
	classes = {
	};
	objectVersion = 46;
	objects = {

/* Begin PBXBuildFile section */
		2F774362525643B79A3D16C5 /* libPods.a in Frameworks */ = {isa = PBXBuildFile; fileRef = 848F4CE7C0484EE7BFB295C2 /* libPods.a */; };
		FC1EBE8E190AAE4000958E06 /* WVFacebookDataManager.m in Sources */ = {isa = PBXBuildFile; fileRef = FC1EBE8D190AAE4000958E06 /* WVFacebookDataManager.m */; };
		FC1EBE91190AAE6600958E06 /* WVAlertsManager.m in Sources */ = {isa = PBXBuildFile; fileRef = FC1EBE90190AAE6600958E06 /* WVAlertsManager.m */; };
		FC1EBE94190B0E1500958E06 /* WVFacebookFriend.m in Sources */ = {isa = PBXBuildFile; fileRef = FC1EBE93190B0E1500958E06 /* WVFacebookFriend.m */; };
		FC1EBE97190B1A1100958E06 /* WVUtilityFunctions.m in Sources */ = {isa = PBXBuildFile; fileRef = FC1EBE96190B1A1100958E06 /* WVUtilityFunctions.m */; };
		FC2799BF190313FA00ADEA31 /* Foundation.framework in Frameworks */ = {isa = PBXBuildFile; fileRef = FC2799BE190313FA00ADEA31 /* Foundation.framework */; };
		FC2799C1190313FA00ADEA31 /* CoreGraphics.framework in Frameworks */ = {isa = PBXBuildFile; fileRef = FC2799C0190313FA00ADEA31 /* CoreGraphics.framework */; };
		FC2799C3190313FA00ADEA31 /* UIKit.framework in Frameworks */ = {isa = PBXBuildFile; fileRef = FC2799C2190313FA00ADEA31 /* UIKit.framework */; };
		FC2799C9190313FA00ADEA31 /* InfoPlist.strings in Resources */ = {isa = PBXBuildFile; fileRef = FC2799C7190313FA00ADEA31 /* InfoPlist.strings */; };
		FC2799CB190313FA00ADEA31 /* main.m in Sources */ = {isa = PBXBuildFile; fileRef = FC2799CA190313FA00ADEA31 /* main.m */; };
		FC2799CF190313FA00ADEA31 /* WVAppDelegate.m in Sources */ = {isa = PBXBuildFile; fileRef = FC2799CE190313FA00ADEA31 /* WVAppDelegate.m */; };
		FC2799D2190313FA00ADEA31 /* Main_iPhone.storyboard in Resources */ = {isa = PBXBuildFile; fileRef = FC2799D0190313FA00ADEA31 /* Main_iPhone.storyboard */; };
		FC2799D8190313FA00ADEA31 /* WVViewController.m in Sources */ = {isa = PBXBuildFile; fileRef = FC2799D7190313FA00ADEA31 /* WVViewController.m */; };
		FC2799DA190313FA00ADEA31 /* Images.xcassets in Resources */ = {isa = PBXBuildFile; fileRef = FC2799D9190313FA00ADEA31 /* Images.xcassets */; };
		FC2799E1190313FA00ADEA31 /* XCTest.framework in Frameworks */ = {isa = PBXBuildFile; fileRef = FC2799E0190313FA00ADEA31 /* XCTest.framework */; };
		FC2799E2190313FA00ADEA31 /* Foundation.framework in Frameworks */ = {isa = PBXBuildFile; fileRef = FC2799BE190313FA00ADEA31 /* Foundation.framework */; };
		FC2799E3190313FA00ADEA31 /* UIKit.framework in Frameworks */ = {isa = PBXBuildFile; fileRef = FC2799C2190313FA00ADEA31 /* UIKit.framework */; };
		FC2799EB190313FA00ADEA31 /* InfoPlist.strings in Resources */ = {isa = PBXBuildFile; fileRef = FC2799E9190313FA00ADEA31 /* InfoPlist.strings */; };
		FC2799ED190313FA00ADEA31 /* Va_nnerTests.m in Sources */ = {isa = PBXBuildFile; fileRef = FC2799EC190313FA00ADEA31 /* Va_nnerTests.m */; };
		FC9FF997190862F100202CA7 /* WVFriendsListViewController.m in Sources */ = {isa = PBXBuildFile; fileRef = FC9FF996190862F100202CA7 /* WVFriendsListViewController.m */; };
		FCB596A6192FB97500E5B136 /* placeholder.png in Resources */ = {isa = PBXBuildFile; fileRef = FCB596A5192FB97500E5B136 /* placeholder.png */; };
/* End PBXBuildFile section */

/* Begin PBXContainerItemProxy section */
		FC2799E4190313FA00ADEA31 /* PBXContainerItemProxy */ = {
			isa = PBXContainerItemProxy;
			containerPortal = FC2799B3190313FA00ADEA31 /* Project object */;
			proxyType = 1;
			remoteGlobalIDString = FC2799BA190313FA00ADEA31;
			remoteInfo = "Vänner";
		};
/* End PBXContainerItemProxy section */

/* Begin PBXFileReference section */
		848F4CE7C0484EE7BFB295C2 /* libPods.a */ = {isa = PBXFileReference; explicitFileType = archive.ar; includeInIndex = 0; path = libPods.a; sourceTree = BUILT_PRODUCTS_DIR; };
		A1A64AAEDDC2421ABCE18552 /* Pods.xcconfig */ = {isa = PBXFileReference; includeInIndex = 1; lastKnownFileType = text.xcconfig; name = Pods.xcconfig; path = Pods/Pods.xcconfig; sourceTree = "<group>"; };
		FC1EBE8C190AAE4000958E06 /* WVFacebookDataManager.h */ = {isa = PBXFileReference; fileEncoding = 4; lastKnownFileType = sourcecode.c.h; path = WVFacebookDataManager.h; sourceTree = "<group>"; };
		FC1EBE8D190AAE4000958E06 /* WVFacebookDataManager.m */ = {isa = PBXFileReference; fileEncoding = 4; lastKnownFileType = sourcecode.c.objc; path = WVFacebookDataManager.m; sourceTree = "<group>"; };
		FC1EBE8F190AAE6600958E06 /* WVAlertsManager.h */ = {isa = PBXFileReference; fileEncoding = 4; lastKnownFileType = sourcecode.c.h; path = WVAlertsManager.h; sourceTree = "<group>"; };
		FC1EBE90190AAE6600958E06 /* WVAlertsManager.m */ = {isa = PBXFileReference; fileEncoding = 4; lastKnownFileType = sourcecode.c.objc; path = WVAlertsManager.m; sourceTree = "<group>"; };
		FC1EBE92190B0E1500958E06 /* WVFacebookFriend.h */ = {isa = PBXFileReference; fileEncoding = 4; lastKnownFileType = sourcecode.c.h; path = WVFacebookFriend.h; sourceTree = "<group>"; };
		FC1EBE93190B0E1500958E06 /* WVFacebookFriend.m */ = {isa = PBXFileReference; fileEncoding = 4; lastKnownFileType = sourcecode.c.objc; path = WVFacebookFriend.m; sourceTree = "<group>"; };
		FC1EBE95190B1A1100958E06 /* WVUtilityFunctions.h */ = {isa = PBXFileReference; fileEncoding = 4; lastKnownFileType = sourcecode.c.h; path = WVUtilityFunctions.h; sourceTree = "<group>"; };
		FC1EBE96190B1A1100958E06 /* WVUtilityFunctions.m */ = {isa = PBXFileReference; fileEncoding = 4; lastKnownFileType = sourcecode.c.objc; path = WVUtilityFunctions.m; sourceTree = "<group>"; };
		FC2799BB190313FA00ADEA31 /* Vänner.app */ = {isa = PBXFileReference; explicitFileType = wrapper.application; includeInIndex = 0; path = "Vänner.app"; sourceTree = BUILT_PRODUCTS_DIR; };
		FC2799BE190313FA00ADEA31 /* Foundation.framework */ = {isa = PBXFileReference; lastKnownFileType = wrapper.framework; name = Foundation.framework; path = System/Library/Frameworks/Foundation.framework; sourceTree = SDKROOT; };
		FC2799C0190313FA00ADEA31 /* CoreGraphics.framework */ = {isa = PBXFileReference; lastKnownFileType = wrapper.framework; name = CoreGraphics.framework; path = System/Library/Frameworks/CoreGraphics.framework; sourceTree = SDKROOT; };
		FC2799C2190313FA00ADEA31 /* UIKit.framework */ = {isa = PBXFileReference; lastKnownFileType = wrapper.framework; name = UIKit.framework; path = System/Library/Frameworks/UIKit.framework; sourceTree = SDKROOT; };
		FC2799C6190313FA00ADEA31 /* Vänner-Info.plist */ = {isa = PBXFileReference; lastKnownFileType = text.plist.xml; path = "Vänner-Info.plist"; sourceTree = "<group>"; };
		FC2799C8190313FA00ADEA31 /* en */ = {isa = PBXFileReference; lastKnownFileType = text.plist.strings; name = en; path = en.lproj/InfoPlist.strings; sourceTree = "<group>"; };
		FC2799CA190313FA00ADEA31 /* main.m */ = {isa = PBXFileReference; lastKnownFileType = sourcecode.c.objc; path = main.m; sourceTree = "<group>"; };
		FC2799CC190313FA00ADEA31 /* Vänner-Prefix.pch */ = {isa = PBXFileReference; lastKnownFileType = sourcecode.c.h; path = "Vänner-Prefix.pch"; sourceTree = "<group>"; };
		FC2799CD190313FA00ADEA31 /* WVAppDelegate.h */ = {isa = PBXFileReference; lastKnownFileType = sourcecode.c.h; path = WVAppDelegate.h; sourceTree = "<group>"; };
		FC2799CE190313FA00ADEA31 /* WVAppDelegate.m */ = {isa = PBXFileReference; lastKnownFileType = sourcecode.c.objc; path = WVAppDelegate.m; sourceTree = "<group>"; };
		FC2799D1190313FA00ADEA31 /* Base */ = {isa = PBXFileReference; lastKnownFileType = file.storyboard; name = Base; path = Base.lproj/Main_iPhone.storyboard; sourceTree = "<group>"; };
		FC2799D6190313FA00ADEA31 /* WVViewController.h */ = {isa = PBXFileReference; lastKnownFileType = sourcecode.c.h; path = WVViewController.h; sourceTree = "<group>"; };
		FC2799D7190313FA00ADEA31 /* WVViewController.m */ = {isa = PBXFileReference; lastKnownFileType = sourcecode.c.objc; path = WVViewController.m; sourceTree = "<group>"; };
		FC2799D9190313FA00ADEA31 /* Images.xcassets */ = {isa = PBXFileReference; lastKnownFileType = folder.assetcatalog; path = Images.xcassets; sourceTree = "<group>"; };
		FC2799DF190313FA00ADEA31 /* VännerTests.xctest */ = {isa = PBXFileReference; explicitFileType = wrapper.cfbundle; includeInIndex = 0; path = "VännerTests.xctest"; sourceTree = BUILT_PRODUCTS_DIR; };
		FC2799E0190313FA00ADEA31 /* XCTest.framework */ = {isa = PBXFileReference; lastKnownFileType = wrapper.framework; name = XCTest.framework; path = Library/Frameworks/XCTest.framework; sourceTree = DEVELOPER_DIR; };
		FC2799E8190313FA00ADEA31 /* VännerTests-Info.plist */ = {isa = PBXFileReference; lastKnownFileType = text.plist.xml; path = "VännerTests-Info.plist"; sourceTree = "<group>"; };
		FC2799EA190313FA00ADEA31 /* en */ = {isa = PBXFileReference; lastKnownFileType = text.plist.strings; name = en; path = en.lproj/InfoPlist.strings; sourceTree = "<group>"; };
		FC2799EC190313FA00ADEA31 /* Va_nnerTests.m */ = {isa = PBXFileReference; lastKnownFileType = sourcecode.c.objc; path = Va_nnerTests.m; sourceTree = "<group>"; };
		FC2799F6190569AD00ADEA31 /* WVGlobalDefinitions.h */ = {isa = PBXFileReference; lastKnownFileType = sourcecode.c.h; path = WVGlobalDefinitions.h; sourceTree = "<group>"; };
		FC9FF995190862F100202CA7 /* WVFriendsListViewController.h */ = {isa = PBXFileReference; fileEncoding = 4; lastKnownFileType = sourcecode.c.h; path = WVFriendsListViewController.h; sourceTree = "<group>"; };
		FC9FF996190862F100202CA7 /* WVFriendsListViewController.m */ = {isa = PBXFileReference; fileEncoding = 4; lastKnownFileType = sourcecode.c.objc; path = WVFriendsListViewController.m; sourceTree = "<group>"; };
		FCB596A5192FB97500E5B136 /* placeholder.png */ = {isa = PBXFileReference; lastKnownFileType = image.png; path = placeholder.png; sourceTree = "<group>"; };
/* End PBXFileReference section */

/* Begin PBXFrameworksBuildPhase section */
		FC2799B8190313FA00ADEA31 /* Frameworks */ = {
			isa = PBXFrameworksBuildPhase;
			buildActionMask = 2147483647;
			files = (
				FC2799C1190313FA00ADEA31 /* CoreGraphics.framework in Frameworks */,
				FC2799C3190313FA00ADEA31 /* UIKit.framework in Frameworks */,
				FC2799BF190313FA00ADEA31 /* Foundation.framework in Frameworks */,
				2F774362525643B79A3D16C5 /* libPods.a in Frameworks */,
			);
			runOnlyForDeploymentPostprocessing = 0;
		};
		FC2799DC190313FA00ADEA31 /* Frameworks */ = {
			isa = PBXFrameworksBuildPhase;
			buildActionMask = 2147483647;
			files = (
				FC2799E1190313FA00ADEA31 /* XCTest.framework in Frameworks */,
				FC2799E3190313FA00ADEA31 /* UIKit.framework in Frameworks */,
				FC2799E2190313FA00ADEA31 /* Foundation.framework in Frameworks */,
			);
			runOnlyForDeploymentPostprocessing = 0;
		};
/* End PBXFrameworksBuildPhase section */

/* Begin PBXGroup section */
		FC2799B2190313FA00ADEA31 = {
			isa = PBXGroup;
			children = (
				FC2799C4190313FA00ADEA31 /* Vänner */,
				FC2799E6190313FA00ADEA31 /* VännerTests */,
				FC2799BD190313FA00ADEA31 /* Frameworks */,
				FC2799BC190313FA00ADEA31 /* Products */,
				A1A64AAEDDC2421ABCE18552 /* Pods.xcconfig */,
			);
			sourceTree = "<group>";
		};
		FC2799BC190313FA00ADEA31 /* Products */ = {
			isa = PBXGroup;
			children = (
				FC2799BB190313FA00ADEA31 /* Vänner.app */,
				FC2799DF190313FA00ADEA31 /* VännerTests.xctest */,
			);
			name = Products;
			sourceTree = "<group>";
		};
		FC2799BD190313FA00ADEA31 /* Frameworks */ = {
			isa = PBXGroup;
			children = (
				FC2799BE190313FA00ADEA31 /* Foundation.framework */,
				FC2799C0190313FA00ADEA31 /* CoreGraphics.framework */,
				FC2799C2190313FA00ADEA31 /* UIKit.framework */,
				FC2799E0190313FA00ADEA31 /* XCTest.framework */,
				848F4CE7C0484EE7BFB295C2 /* libPods.a */,
			);
			name = Frameworks;
			sourceTree = "<group>";
		};
		FC2799C4190313FA00ADEA31 /* Vänner */ = {
			isa = PBXGroup;
			children = (
				FC2799F6190569AD00ADEA31 /* WVGlobalDefinitions.h */,
				FC2799CD190313FA00ADEA31 /* WVAppDelegate.h */,
				FC2799CE190313FA00ADEA31 /* WVAppDelegate.m */,
				FC2799D0190313FA00ADEA31 /* Main_iPhone.storyboard */,
				FC1EBE8F190AAE6600958E06 /* WVAlertsManager.h */,
				FC1EBE90190AAE6600958E06 /* WVAlertsManager.m */,
				FC1EBE8C190AAE4000958E06 /* WVFacebookDataManager.h */,
				FC1EBE8D190AAE4000958E06 /* WVFacebookDataManager.m */,
				FC1EBE92190B0E1500958E06 /* WVFacebookFriend.h */,
				FC1EBE93190B0E1500958E06 /* WVFacebookFriend.m */,
				FC2799D6190313FA00ADEA31 /* WVViewController.h */,
				FC2799D7190313FA00ADEA31 /* WVViewController.m */,
				FC9FF995190862F100202CA7 /* WVFriendsListViewController.h */,
				FC9FF996190862F100202CA7 /* WVFriendsListViewController.m */,
				FC1EBE95190B1A1100958E06 /* WVUtilityFunctions.h */,
				FC1EBE96190B1A1100958E06 /* WVUtilityFunctions.m */,
				FC2799D9190313FA00ADEA31 /* Images.xcassets */,
				FC2799C5190313FA00ADEA31 /* Supporting Files */,
			);
			path = "Vänner";
			sourceTree = "<group>";
		};
		FC2799C5190313FA00ADEA31 /* Supporting Files */ = {
			isa = PBXGroup;
			children = (
				FC2799C6190313FA00ADEA31 /* Vänner-Info.plist */,
				FCB596A5192FB97500E5B136 /* placeholder.png */,
				FC2799C7190313FA00ADEA31 /* InfoPlist.strings */,
				FC2799CA190313FA00ADEA31 /* main.m */,
				FC2799CC190313FA00ADEA31 /* Vänner-Prefix.pch */,
			);
			name = "Supporting Files";
			sourceTree = "<group>";
		};
		FC2799E6190313FA00ADEA31 /* VännerTests */ = {
			isa = PBXGroup;
			children = (
				FC2799EC190313FA00ADEA31 /* Va_nnerTests.m */,
				FC2799E7190313FA00ADEA31 /* Supporting Files */,
			);
			path = "VännerTests";
			sourceTree = "<group>";
		};
		FC2799E7190313FA00ADEA31 /* Supporting Files */ = {
			isa = PBXGroup;
			children = (
				FC2799E8190313FA00ADEA31 /* VännerTests-Info.plist */,
				FC2799E9190313FA00ADEA31 /* InfoPlist.strings */,
			);
			name = "Supporting Files";
			sourceTree = "<group>";
		};
/* End PBXGroup section */

/* Begin PBXNativeTarget section */
		FC2799BA190313FA00ADEA31 /* Vänner */ = {
			isa = PBXNativeTarget;
			buildConfigurationList = FC2799F0190313FA00ADEA31 /* Build configuration list for PBXNativeTarget "Vänner" */;
			buildPhases = (
				1F9051BBC4FF4AA2A653574B /* Check Pods Manifest.lock */,
				FC2799B7190313FA00ADEA31 /* Sources */,
				FC2799B8190313FA00ADEA31 /* Frameworks */,
				FC2799B9190313FA00ADEA31 /* Resources */,
				B6C007565DBC4102809D7254 /* Copy Pods Resources */,
			);
			buildRules = (
			);
			dependencies = (
			);
			name = "Vänner";
			productName = "Vänner";
			productReference = FC2799BB190313FA00ADEA31 /* Vänner.app */;
			productType = "com.apple.product-type.application";
		};
		FC2799DE190313FA00ADEA31 /* VännerTests */ = {
			isa = PBXNativeTarget;
			buildConfigurationList = FC2799F3190313FA00ADEA31 /* Build configuration list for PBXNativeTarget "VännerTests" */;
			buildPhases = (
				FC2799DB190313FA00ADEA31 /* Sources */,
				FC2799DC190313FA00ADEA31 /* Frameworks */,
				FC2799DD190313FA00ADEA31 /* Resources */,
			);
			buildRules = (
			);
			dependencies = (
				FC2799E5190313FA00ADEA31 /* PBXTargetDependency */,
			);
			name = "VännerTests";
			productName = "VännerTests";
			productReference = FC2799DF190313FA00ADEA31 /* VännerTests.xctest */;
			productType = "com.apple.product-type.bundle.unit-test";
		};
/* End PBXNativeTarget section */

/* Begin PBXProject section */
		FC2799B3190313FA00ADEA31 /* Project object */ = {
			isa = PBXProject;
			attributes = {
				CLASSPREFIX = WV;
				LastUpgradeCheck = 0510;
				ORGANIZATIONNAME = SPD;
				TargetAttributes = {
					FC2799BA190313FA00ADEA31 = {
						DevelopmentTeam = AJYV4LHDL6;
						SystemCapabilities = {
							com.apple.DataProtection = {
								enabled = 1;
							};
						};
					};
					FC2799DE190313FA00ADEA31 = {
						TestTargetID = FC2799BA190313FA00ADEA31;
					};
				};
			};
			buildConfigurationList = FC2799B6190313FA00ADEA31 /* Build configuration list for PBXProject "Vänner" */;
			compatibilityVersion = "Xcode 3.2";
			developmentRegion = English;
			hasScannedForEncodings = 0;
			knownRegions = (
				en,
				Base,
			);
			mainGroup = FC2799B2190313FA00ADEA31;
			productRefGroup = FC2799BC190313FA00ADEA31 /* Products */;
			projectDirPath = "";
			projectRoot = "";
			targets = (
				FC2799BA190313FA00ADEA31 /* Vänner */,
				FC2799DE190313FA00ADEA31 /* VännerTests */,
			);
		};
/* End PBXProject section */

/* Begin PBXResourcesBuildPhase section */
		FC2799B9190313FA00ADEA31 /* Resources */ = {
			isa = PBXResourcesBuildPhase;
			buildActionMask = 2147483647;
			files = (
				FC2799DA190313FA00ADEA31 /* Images.xcassets in Resources */,
				FC2799D2190313FA00ADEA31 /* Main_iPhone.storyboard in Resources */,
				FCB596A6192FB97500E5B136 /* placeholder.png in Resources */,
				FC2799C9190313FA00ADEA31 /* InfoPlist.strings in Resources */,
			);
			runOnlyForDeploymentPostprocessing = 0;
		};
		FC2799DD190313FA00ADEA31 /* Resources */ = {
			isa = PBXResourcesBuildPhase;
			buildActionMask = 2147483647;
			files = (
				FC2799EB190313FA00ADEA31 /* InfoPlist.strings in Resources */,
			);
			runOnlyForDeploymentPostprocessing = 0;
		};
/* End PBXResourcesBuildPhase section */

/* Begin PBXShellScriptBuildPhase section */
		1F9051BBC4FF4AA2A653574B /* Check Pods Manifest.lock */ = {
			isa = PBXShellScriptBuildPhase;
			buildActionMask = 2147483647;
			files = (
			);
			inputPaths = (
			);
			name = "Check Pods Manifest.lock";
			outputPaths = (
			);
			runOnlyForDeploymentPostprocessing = 0;
			shellPath = /bin/sh;
			shellScript = "diff \"${PODS_ROOT}/../Podfile.lock\" \"${PODS_ROOT}/Manifest.lock\" > /dev/null\nif [[ $? != 0 ]] ; then\n    cat << EOM\nerror: The sandbox is not in sync with the Podfile.lock. Run 'pod install' or update your CocoaPods installation.\nEOM\n    exit 1\nfi\n";
			showEnvVarsInLog = 0;
		};
		B6C007565DBC4102809D7254 /* Copy Pods Resources */ = {
			isa = PBXShellScriptBuildPhase;
			buildActionMask = 2147483647;
			files = (
			);
			inputPaths = (
			);
			name = "Copy Pods Resources";
			outputPaths = (
			);
			runOnlyForDeploymentPostprocessing = 0;
			shellPath = /bin/sh;
			shellScript = "\"${SRCROOT}/Pods/Pods-resources.sh\"\n";
			showEnvVarsInLog = 0;
		};
/* End PBXShellScriptBuildPhase section */

/* Begin PBXSourcesBuildPhase section */
		FC2799B7190313FA00ADEA31 /* Sources */ = {
			isa = PBXSourcesBuildPhase;
			buildActionMask = 2147483647;
			files = (
				FC2799CB190313FA00ADEA31 /* main.m in Sources */,
				FC1EBE97190B1A1100958E06 /* WVUtilityFunctions.m in Sources */,
				FC2799CF190313FA00ADEA31 /* WVAppDelegate.m in Sources */,
				FC2799D8190313FA00ADEA31 /* WVViewController.m in Sources */,
				FC1EBE94190B0E1500958E06 /* WVFacebookFriend.m in Sources */,
				FC1EBE8E190AAE4000958E06 /* WVFacebookDataManager.m in Sources */,
				FC9FF997190862F100202CA7 /* WVFriendsListViewController.m in Sources */,
				FC1EBE91190AAE6600958E06 /* WVAlertsManager.m in Sources */,
			);
			runOnlyForDeploymentPostprocessing = 0;
		};
		FC2799DB190313FA00ADEA31 /* Sources */ = {
			isa = PBXSourcesBuildPhase;
			buildActionMask = 2147483647;
			files = (
				FC2799ED190313FA00ADEA31 /* Va_nnerTests.m in Sources */,
			);
			runOnlyForDeploymentPostprocessing = 0;
		};
/* End PBXSourcesBuildPhase section */

/* Begin PBXTargetDependency section */
		FC2799E5190313FA00ADEA31 /* PBXTargetDependency */ = {
			isa = PBXTargetDependency;
			target = FC2799BA190313FA00ADEA31 /* Vänner */;
			targetProxy = FC2799E4190313FA00ADEA31 /* PBXContainerItemProxy */;
		};
/* End PBXTargetDependency section */

/* Begin PBXVariantGroup section */
		FC2799C7190313FA00ADEA31 /* InfoPlist.strings */ = {
			isa = PBXVariantGroup;
			children = (
				FC2799C8190313FA00ADEA31 /* en */,
			);
			name = InfoPlist.strings;
			sourceTree = "<group>";
		};
		FC2799D0190313FA00ADEA31 /* Main_iPhone.storyboard */ = {
			isa = PBXVariantGroup;
			children = (
				FC2799D1190313FA00ADEA31 /* Base */,
			);
			name = Main_iPhone.storyboard;
			sourceTree = "<group>";
		};
		FC2799E9190313FA00ADEA31 /* InfoPlist.strings */ = {
			isa = PBXVariantGroup;
			children = (
				FC2799EA190313FA00ADEA31 /* en */,
			);
			name = InfoPlist.strings;
			sourceTree = "<group>";
		};
/* End PBXVariantGroup section */

/* Begin XCBuildConfiguration section */
		FC2799EE190313FA00ADEA31 /* Debug */ = {
			isa = XCBuildConfiguration;
			buildSettings = {
				ALWAYS_SEARCH_USER_PATHS = NO;
				CLANG_CXX_LANGUAGE_STANDARD = "gnu++0x";
				CLANG_CXX_LIBRARY = "libc++";
				CLANG_ENABLE_MODULES = YES;
				CLANG_ENABLE_OBJC_ARC = YES;
				CLANG_WARN_BOOL_CONVERSION = YES;
				CLANG_WARN_CONSTANT_CONVERSION = YES;
				CLANG_WARN_DIRECT_OBJC_ISA_USAGE = YES_ERROR;
				CLANG_WARN_EMPTY_BODY = YES;
				CLANG_WARN_ENUM_CONVERSION = YES;
				CLANG_WARN_INT_CONVERSION = YES;
				CLANG_WARN_OBJC_ROOT_CLASS = YES_ERROR;
				CLANG_WARN__DUPLICATE_METHOD_MATCH = YES;
				"CODE_SIGN_IDENTITY[sdk=iphoneos*]" = "iPhone Developer";
				COPY_PHASE_STRIP = NO;
				GCC_C_LANGUAGE_STANDARD = gnu99;
				GCC_DYNAMIC_NO_PIC = NO;
				GCC_OPTIMIZATION_LEVEL = 0;
				GCC_PREPROCESSOR_DEFINITIONS = (
					"DEBUG=1",
					"$(inherited)",
				);
				GCC_SYMBOLS_PRIVATE_EXTERN = NO;
				GCC_WARN_64_TO_32_BIT_CONVERSION = YES;
				GCC_WARN_ABOUT_RETURN_TYPE = YES_ERROR;
				GCC_WARN_UNDECLARED_SELECTOR = YES;
				GCC_WARN_UNINITIALIZED_AUTOS = YES_AGGRESSIVE;
				GCC_WARN_UNUSED_FUNCTION = YES;
				GCC_WARN_UNUSED_VARIABLE = YES;
				IPHONEOS_DEPLOYMENT_TARGET = 7.1;
				ONLY_ACTIVE_ARCH = YES;
				SDKROOT = iphoneos;
				TARGETED_DEVICE_FAMILY = "1,2";
			};
			name = Debug;
		};
		FC2799EF190313FA00ADEA31 /* Release */ = {
			isa = XCBuildConfiguration;
			buildSettings = {
				ALWAYS_SEARCH_USER_PATHS = NO;
				CLANG_CXX_LANGUAGE_STANDARD = "gnu++0x";
				CLANG_CXX_LIBRARY = "libc++";
				CLANG_ENABLE_MODULES = YES;
				CLANG_ENABLE_OBJC_ARC = YES;
				CLANG_WARN_BOOL_CONVERSION = YES;
				CLANG_WARN_CONSTANT_CONVERSION = YES;
				CLANG_WARN_DIRECT_OBJC_ISA_USAGE = YES_ERROR;
				CLANG_WARN_EMPTY_BODY = YES;
				CLANG_WARN_ENUM_CONVERSION = YES;
				CLANG_WARN_INT_CONVERSION = YES;
				CLANG_WARN_OBJC_ROOT_CLASS = YES_ERROR;
				CLANG_WARN__DUPLICATE_METHOD_MATCH = YES;
				"CODE_SIGN_IDENTITY[sdk=iphoneos*]" = "iPhone Developer";
				COPY_PHASE_STRIP = YES;
				ENABLE_NS_ASSERTIONS = NO;
				GCC_C_LANGUAGE_STANDARD = gnu99;
				GCC_WARN_64_TO_32_BIT_CONVERSION = YES;
				GCC_WARN_ABOUT_RETURN_TYPE = YES_ERROR;
				GCC_WARN_UNDECLARED_SELECTOR = YES;
				GCC_WARN_UNINITIALIZED_AUTOS = YES_AGGRESSIVE;
				GCC_WARN_UNUSED_FUNCTION = YES;
				GCC_WARN_UNUSED_VARIABLE = YES;
				IPHONEOS_DEPLOYMENT_TARGET = 7.1;
				SDKROOT = iphoneos;
				TARGETED_DEVICE_FAMILY = "1,2";
				VALIDATE_PRODUCT = YES;
			};
			name = Release;
		};
		FC2799F1190313FA00ADEA31 /* Debug */ = {
			isa = XCBuildConfiguration;
			baseConfigurationReference = A1A64AAEDDC2421ABCE18552 /* Pods.xcconfig */;
			buildSettings = {
				ASSETCATALOG_COMPILER_APPICON_NAME = AppIcon;
				ASSETCATALOG_COMPILER_LAUNCHIMAGE_NAME = LaunchImage;
				CODE_SIGN_IDENTITY = "iPhone Developer";
				"CODE_SIGN_IDENTITY[sdk=iphoneos*]" = "iPhone Developer";
				GCC_PRECOMPILE_PREFIX_HEADER = YES;
				GCC_PREFIX_HEADER = "Vänner/Vänner-Prefix.pch";
				INFOPLIST_FILE = "Vänner/Vänner-Info.plist";
				PRODUCT_NAME = "$(TARGET_NAME)";
				PROVISIONING_PROFILE = "";
				TARGETED_DEVICE_FAMILY = 1;
				WRAPPER_EXTENSION = app;
			};
			name = Debug;
		};
		FC2799F2190313FA00ADEA31 /* Release */ = {
			isa = XCBuildConfiguration;
			baseConfigurationReference = A1A64AAEDDC2421ABCE18552 /* Pods.xcconfig */;
			buildSettings = {
				ASSETCATALOG_COMPILER_APPICON_NAME = AppIcon;
				ASSETCATALOG_COMPILER_LAUNCHIMAGE_NAME = LaunchImage;
				CODE_SIGN_IDENTITY = "iPhone Developer";
				"CODE_SIGN_IDENTITY[sdk=iphoneos*]" = "iPhone Developer";
				GCC_PRECOMPILE_PREFIX_HEADER = YES;
				GCC_PREFIX_HEADER = "Vänner/Vänner-Prefix.pch";
				INFOPLIST_FILE = "Vänner/Vänner-Info.plist";
				PRODUCT_NAME = "$(TARGET_NAME)";
				PROVISIONING_PROFILE = "";
				TARGETED_DEVICE_FAMILY = 1;
				WRAPPER_EXTENSION = app;
			};
			name = Release;
		};
		FC2799F4190313FA00ADEA31 /* Debug */ = {
			isa = XCBuildConfiguration;
			buildSettings = {
				BUNDLE_LOADER = "$(BUILT_PRODUCTS_DIR)/Vänner.app/Vänner";
				FRAMEWORK_SEARCH_PATHS = (
					"$(SDKROOT)/Developer/Library/Frameworks",
					"$(inherited)",
					"$(DEVELOPER_FRAMEWORKS_DIR)",
				);
				GCC_PRECOMPILE_PREFIX_HEADER = YES;
				GCC_PREFIX_HEADER = "Vänner/Vänner-Prefix.pch";
				GCC_PREPROCESSOR_DEFINITIONS = (
					"DEBUG=1",
					"$(inherited)",
				);
				INFOPLIST_FILE = "VännerTests/VännerTests-Info.plist";
				PRODUCT_NAME = "$(TARGET_NAME)";
				TEST_HOST = "$(BUNDLE_LOADER)";
				WRAPPER_EXTENSION = xctest;
			};
			name = Debug;
		};
		FC2799F5190313FA00ADEA31 /* Release */ = {
			isa = XCBuildConfiguration;
			buildSettings = {
				BUNDLE_LOADER = "$(BUILT_PRODUCTS_DIR)/Vänner.app/Vänner";
				FRAMEWORK_SEARCH_PATHS = (
					"$(SDKROOT)/Developer/Library/Frameworks",
					"$(inherited)",
					"$(DEVELOPER_FRAMEWORKS_DIR)",
				);
				GCC_PRECOMPILE_PREFIX_HEADER = YES;
				GCC_PREFIX_HEADER = "Vänner/Vänner-Prefix.pch";
				INFOPLIST_FILE = "VännerTests/VännerTests-Info.plist";
				PRODUCT_NAME = "$(TARGET_NAME)";
				TEST_HOST = "$(BUNDLE_LOADER)";
				WRAPPER_EXTENSION = xctest;
			};
			name = Release;
		};
/* End XCBuildConfiguration section */

/* Begin XCConfigurationList section */
		FC2799B6190313FA00ADEA31 /* Build configuration list for PBXProject "Vänner" */ = {
			isa = XCConfigurationList;
			buildConfigurations = (
				FC2799EE190313FA00ADEA31 /* Debug */,
				FC2799EF190313FA00ADEA31 /* Release */,
			);
			defaultConfigurationIsVisible = 0;
			defaultConfigurationName = Release;
		};
		FC2799F0190313FA00ADEA31 /* Build configuration list for PBXNativeTarget "Vänner" */ = {
			isa = XCConfigurationList;
			buildConfigurations = (
				FC2799F1190313FA00ADEA31 /* Debug */,
				FC2799F2190313FA00ADEA31 /* Release */,
			);
			defaultConfigurationIsVisible = 0;
			defaultConfigurationName = Release;
		};
		FC2799F3190313FA00ADEA31 /* Build configuration list for PBXNativeTarget "VännerTests" */ = {
			isa = XCConfigurationList;
			buildConfigurations = (
				FC2799F4190313FA00ADEA31 /* Debug */,
				FC2799F5190313FA00ADEA31 /* Release */,
			);
			defaultConfigurationIsVisible = 0;
			defaultConfigurationName = Release;
		};
/* End XCConfigurationList section */
	};
	rootObject = FC2799B3190313FA00ADEA31 /* Project object */;
}
